
Microsoft Visual Studio Solution File, Format Version 12.00
# Visual Studio 2012
Project("{FAE04EC0-301F-11D3-BF4B-00C04F79EFBC}") = "SIEMS_2", "SIEMS_2\SIEMS_2.csproj", "{2DE8701D-772A-4457-93AA-F12471254D92}"
EndProject
Global
	GlobalSection(SolutionConfigurationPlatforms) = preSolution
		Debug|Any CPU = Debug|Any CPU
		Release|Any CPU = Release|Any CPU
	EndGlobalSection
	GlobalSection(ProjectConfigurationPlatforms) = postSolution
		{2DE8701D-772A-4457-93AA-F12471254D92}.Debug|Any CPU.ActiveCfg = Debug|Any CPU
		{2DE8701D-772A-4457-93AA-F12471254D92}.Debug|Any CPU.Build.0 = Debug|Any CPU
		{2DE8701D-772A-4457-93AA-F12471254D92}.Release|Any CPU.ActiveCfg = Release|Any CPU
		{2DE8701D-772A-4457-93AA-F12471254D92}.Release|Any CPU.Build.0 = Release|Any CPU
	EndGlobalSection
	GlobalSection(SolutionProperties) = preSolution
		HideSolutionNode = FALSE
	EndGlobalSection
EndGlobal
